
Microsoft Visual Studio Solution File, Format Version 12.00
# TcXaeShell Solution File, Format Version 11.00
VisualStudioVersion = 15.0.35826.109
MinimumVisualStudioVersion = 10.0.40219.1
Project("{B1E792BE-AA5F-4E3C-8C82-674BF9C0715B}") = "Sys_1", "TwinCAT Project1\Sys_1.tsproj", "{89E81639-4D03-4CEC-9C0D-0132410902A6}"
EndProject
Project("{B1E792BE-AA5F-4E3C-8C82-674BF9C0715B}") = "Main", "Main_PLC\Main.tsproj", "{DFE2963C-284F-4B88-86BD-A1A5EB04EC86}"
EndProject
Global
	GlobalSection(SolutionConfigurationPlatforms) = preSolution
		Debug|TwinCAT OS (ARMV7-A) = Debug|TwinCAT OS (ARMV7-A)
		Debug|TwinCAT OS (ARMV7-M) = Debug|TwinCAT OS (ARMV7-M)
		Debug|TwinCAT OS (ARMV8-A) = Debug|TwinCAT OS (ARMV8-A)
		Debug|TwinCAT OS (x64) = Debug|TwinCAT OS (x64)
		Debug|TwinCAT OS (x64-E) = Debug|TwinCAT OS (x64-E)
		Debug|TwinCAT RT (x64) = Debug|TwinCAT RT (x64)
		Debug|TwinCAT RT (x86) = Debug|TwinCAT RT (x86)
		Release|TwinCAT OS (ARMV7-A) = Release|TwinCAT OS (ARMV7-A)
		Release|TwinCAT OS (ARMV7-M) = Release|TwinCAT OS (ARMV7-M)
		Release|TwinCAT OS (ARMV8-A) = Release|TwinCAT OS (ARMV8-A)
		Release|TwinCAT OS (x64) = Release|TwinCAT OS (x64)
		Release|TwinCAT OS (x64-E) = Release|TwinCAT OS (x64-E)
		Release|TwinCAT RT (x64) = Release|TwinCAT RT (x64)
		Release|TwinCAT RT (x86) = Release|TwinCAT RT (x86)
	EndGlobalSection
	GlobalSection(ProjectConfigurationPlatforms) = postSolution
		{89E81639-4D03-4CEC-9C0D-0132410902A6}.Debug|TwinCAT OS (ARMV7-A).ActiveCfg = Debug|TwinCAT OS (ARMV7-A)
		{89E81639-4D03-4CEC-9C0D-0132410902A6}.Debug|TwinCAT OS (ARMV7-A).Build.0 = Debug|TwinCAT OS (ARMV7-A)
		{89E81639-4D03-4CEC-9C0D-0132410902A6}.Debug|TwinCAT OS (ARMV7-M).ActiveCfg = Debug|TwinCAT OS (ARMV7-M)
		{89E81639-4D03-4CEC-9C0D-0132410902A6}.Debug|TwinCAT OS (ARMV7-M).Build.0 = Debug|TwinCAT OS (ARMV7-M)
		{89E81639-4D03-4CEC-9C0D-0132410902A6}.Debug|TwinCAT OS (ARMV8-A).ActiveCfg = Debug|TwinCAT OS (ARMV8-A)
		{89E81639-4D03-4CEC-9C0D-0132410902A6}.Debug|TwinCAT OS (ARMV8-A).Build.0 = Debug|TwinCAT OS (ARMV8-A)
		{89E81639-4D03-4CEC-9C0D-0132410902A6}.Debug|TwinCAT OS (x64).ActiveCfg = Debug|TwinCAT OS (x64)
		{89E81639-4D03-4CEC-9C0D-0132410902A6}.Debug|TwinCAT OS (x64).Build.0 = Debug|TwinCAT OS (x64)
		{89E81639-4D03-4CEC-9C0D-0132410902A6}.Debug|TwinCAT OS (x64-E).ActiveCfg = Debug|TwinCAT OS (x64-E)
		{89E81639-4D03-4CEC-9C0D-0132410902A6}.Debug|TwinCAT OS (x64-E).Build.0 = Debug|TwinCAT OS (x64-E)
		{89E81639-4D03-4CEC-9C0D-0132410902A6}.Debug|TwinCAT RT (x64).ActiveCfg = Debug|TwinCAT RT (x64)
		{89E81639-4D03-4CEC-9C0D-0132410902A6}.Debug|TwinCAT RT (x64).Build.0 = Debug|TwinCAT RT (x64)
		{89E81639-4D03-4CEC-9C0D-0132410902A6}.Debug|TwinCAT RT (x86).ActiveCfg = Debug|TwinCAT RT (x86)
		{89E81639-4D03-4CEC-9C0D-0132410902A6}.Debug|TwinCAT RT (x86).Build.0 = Debug|TwinCAT RT (x86)
		{89E81639-4D03-4CEC-9C0D-0132410902A6}.Release|TwinCAT OS (ARMV7-A).ActiveCfg = Release|TwinCAT OS (ARMV7-A)
		{89E81639-4D03-4CEC-9C0D-0132410902A6}.Release|TwinCAT OS (ARMV7-A).Build.0 = Release|TwinCAT OS (ARMV7-A)
		{89E81639-4D03-4CEC-9C0D-0132410902A6}.Release|TwinCAT OS (ARMV7-M).ActiveCfg = Release|TwinCAT OS (ARMV7-M)
		{89E81639-4D03-4CEC-9C0D-0132410902A6}.Release|TwinCAT OS (ARMV7-M).Build.0 = Release|TwinCAT OS (ARMV7-M)
		{89E81639-4D03-4CEC-9C0D-0132410902A6}.Release|TwinCAT OS (ARMV8-A).ActiveCfg = Release|TwinCAT OS (ARMV8-A)
		{89E81639-4D03-4CEC-9C0D-0132410902A6}.Release|TwinCAT OS (ARMV8-A).Build.0 = Release|TwinCAT OS (ARMV8-A)
		{89E81639-4D03-4CEC-9C0D-0132410902A6}.Release|TwinCAT OS (x64).ActiveCfg = Release|TwinCAT OS (x64)
		{89E81639-4D03-4CEC-9C0D-0132410902A6}.Release|TwinCAT OS (x64).Build.0 = Release|TwinCAT OS (x64)
		{89E81639-4D03-4CEC-9C0D-0132410902A6}.Release|TwinCAT OS (x64-E).ActiveCfg = Release|TwinCAT OS (x64-E)
		{89E81639-4D03-4CEC-9C0D-0132410902A6}.Release|TwinCAT OS (x64-E).Build.0 = Release|TwinCAT OS (x64-E)
		{89E81639-4D03-4CEC-9C0D-0132410902A6}.Release|TwinCAT RT (x64).ActiveCfg = Release|TwinCAT RT (x64)
		{89E81639-4D03-4CEC-9C0D-0132410902A6}.Release|TwinCAT RT (x64).Build.0 = Release|TwinCAT RT (x64)
		{89E81639-4D03-4CEC-9C0D-0132410902A6}.Release|TwinCAT RT (x86).ActiveCfg = Release|TwinCAT RT (x86)
		{89E81639-4D03-4CEC-9C0D-0132410902A6}.Release|TwinCAT RT (x86).Build.0 = Release|TwinCAT RT (x86)
		{DFE2963C-284F-4B88-86BD-A1A5EB04EC86}.Debug|TwinCAT OS (ARMV7-A).ActiveCfg = Debug|TwinCAT OS (ARMV7-A)
		{DFE2963C-284F-4B88-86BD-A1A5EB04EC86}.Debug|TwinCAT OS (ARMV7-A).Build.0 = Debug|TwinCAT OS (ARMV7-A)
		{DFE2963C-284F-4B88-86BD-A1A5EB04EC86}.Debug|TwinCAT OS (ARMV7-M).ActiveCfg = Debug|TwinCAT OS (ARMV7-M)
		{DFE2963C-284F-4B88-86BD-A1A5EB04EC86}.Debug|TwinCAT OS (ARMV7-M).Build.0 = Debug|TwinCAT OS (ARMV7-M)
		{DFE2963C-284F-4B88-86BD-A1A5EB04EC86}.Debug|TwinCAT OS (ARMV8-A).ActiveCfg = Debug|TwinCAT OS (ARMV8-A)
		{DFE2963C-284F-4B88-86BD-A1A5EB04EC86}.Debug|TwinCAT OS (ARMV8-A).Build.0 = Debug|TwinCAT OS (ARMV8-A)
		{DFE2963C-284F-4B88-86BD-A1A5EB04EC86}.Debug|TwinCAT OS (x64).ActiveCfg = Debug|TwinCAT OS (x64)
		{DFE2963C-284F-4B88-86BD-A1A5EB04EC86}.Debug|TwinCAT OS (x64).Build.0 = Debug|TwinCAT OS (x64)
		{DFE2963C-284F-4B88-86BD-A1A5EB04EC86}.Debug|TwinCAT OS (x64-E).ActiveCfg = Debug|TwinCAT OS (x64-E)
		{DFE2963C-284F-4B88-86BD-A1A5EB04EC86}.Debug|TwinCAT OS (x64-E).Build.0 = Debug|TwinCAT OS (x64-E)
		{DFE2963C-284F-4B88-86BD-A1A5EB04EC86}.Debug|TwinCAT RT (x64).ActiveCfg = Debug|TwinCAT RT (x64)
		{DFE2963C-284F-4B88-86BD-A1A5EB04EC86}.Debug|TwinCAT RT (x64).Build.0 = Debug|TwinCAT RT (x64)
		{DFE2963C-284F-4B88-86BD-A1A5EB04EC86}.Debug|TwinCAT RT (x86).ActiveCfg = Debug|TwinCAT RT (x86)
		{DFE2963C-284F-4B88-86BD-A1A5EB04EC86}.Debug|TwinCAT RT (x86).Build.0 = Debug|TwinCAT RT (x86)
		{DFE2963C-284F-4B88-86BD-A1A5EB04EC86}.Release|TwinCAT OS (ARMV7-A).ActiveCfg = Release|TwinCAT OS (ARMV7-A)
		{DFE2963C-284F-4B88-86BD-A1A5EB04EC86}.Release|TwinCAT OS (ARMV7-A).Build.0 = Release|TwinCAT OS (ARMV7-A)
		{DFE2963C-284F-4B88-86BD-A1A5EB04EC86}.Release|TwinCAT OS (ARMV7-M).ActiveCfg = Release|TwinCAT OS (ARMV7-M)
		{DFE2963C-284F-4B88-86BD-A1A5EB04EC86}.Release|TwinCAT OS (ARMV7-M).Build.0 = Release|TwinCAT OS (ARMV7-M)
		{DFE2963C-284F-4B88-86BD-A1A5EB04EC86}.Release|TwinCAT OS (ARMV8-A).ActiveCfg = Release|TwinCAT OS (ARMV8-A)
		{DFE2963C-284F-4B88-86BD-A1A5EB04EC86}.Release|TwinCAT OS (ARMV8-A).Build.0 = Release|TwinCAT OS (ARMV8-A)
		{DFE2963C-284F-4B88-86BD-A1A5EB04EC86}.Release|TwinCAT OS (x64).ActiveCfg = Release|TwinCAT OS (x64)
		{DFE2963C-284F-4B88-86BD-A1A5EB04EC86}.Release|TwinCAT OS (x64).Build.0 = Release|TwinCAT OS (x64)
		{DFE2963C-284F-4B88-86BD-A1A5EB04EC86}.Release|TwinCAT OS (x64-E).ActiveCfg = Release|TwinCAT OS (x64-E)
		{DFE2963C-284F-4B88-86BD-A1A5EB04EC86}.Release|TwinCAT OS (x64-E).Build.0 = Release|TwinCAT OS (x64-E)
		{DFE2963C-284F-4B88-86BD-A1A5EB04EC86}.Release|TwinCAT RT (x64).ActiveCfg = Release|TwinCAT RT (x64)
		{DFE2963C-284F-4B88-86BD-A1A5EB04EC86}.Release|TwinCAT RT (x64).Build.0 = Release|TwinCAT RT (x64)
		{DFE2963C-284F-4B88-86BD-A1A5EB04EC86}.Release|TwinCAT RT (x86).ActiveCfg = Release|TwinCAT RT (x86)
		{DFE2963C-284F-4B88-86BD-A1A5EB04EC86}.Release|TwinCAT RT (x86).Build.0 = Release|TwinCAT RT (x86)
		{658BA738-6873-4AB6-A100-50B4E734CEB0}.Debug|TwinCAT OS (ARMV7-A).ActiveCfg = Debug|TwinCAT OS (ARMV7-A)
		{658BA738-6873-4AB6-A100-50B4E734CEB0}.Debug|TwinCAT OS (ARMV7-A).Build.0 = Debug|TwinCAT OS (ARMV7-A)
		{658BA738-6873-4AB6-A100-50B4E734CEB0}.Debug|TwinCAT OS (ARMV7-M).ActiveCfg = Debug|TwinCAT OS (ARMV7-M)
		{658BA738-6873-4AB6-A100-50B4E734CEB0}.Debug|TwinCAT OS (ARMV7-M).Build.0 = Debug|TwinCAT OS (ARMV7-M)
		{658BA738-6873-4AB6-A100-50B4E734CEB0}.Debug|TwinCAT OS (ARMV8-A).ActiveCfg = Debug|TwinCAT OS (ARMV8-A)
		{658BA738-6873-4AB6-A100-50B4E734CEB0}.Debug|TwinCAT OS (ARMV8-A).Build.0 = Debug|TwinCAT OS (ARMV8-A)
		{658BA738-6873-4AB6-A100-50B4E734CEB0}.Debug|TwinCAT OS (x64).ActiveCfg = Debug|TwinCAT OS (x64)
		{658BA738-6873-4AB6-A100-50B4E734CEB0}.Debug|TwinCAT OS (x64).Build.0 = Debug|TwinCAT OS (x64)
		{658BA738-6873-4AB6-A100-50B4E734CEB0}.Debug|TwinCAT OS (x64-E).ActiveCfg = Debug|TwinCAT OS (x64-E)
		{658BA738-6873-4AB6-A100-50B4E734CEB0}.Debug|TwinCAT OS (x64-E).Build.0 = Debug|TwinCAT OS (x64-E)
		{658BA738-6873-4AB6-A100-50B4E734CEB0}.Debug|TwinCAT RT (x64).ActiveCfg = Debug|TwinCAT RT (x64)
		{658BA738-6873-4AB6-A100-50B4E734CEB0}.Debug|TwinCAT RT (x64).Build.0 = Debug|TwinCAT RT (x64)
		{658BA738-6873-4AB6-A100-50B4E734CEB0}.Debug|TwinCAT RT (x86).ActiveCfg = Debug|TwinCAT RT (x86)
		{658BA738-6873-4AB6-A100-50B4E734CEB0}.Debug|TwinCAT RT (x86).Build.0 = Debug|TwinCAT RT (x86)
		{658BA738-6873-4AB6-A100-50B4E734CEB0}.Release|TwinCAT OS (ARMV7-A).ActiveCfg = Release|TwinCAT OS (ARMV7-A)
		{658BA738-6873-4AB6-A100-50B4E734CEB0}.Release|TwinCAT OS (ARMV7-A).Build.0 = Release|TwinCAT OS (ARMV7-A)
		{658BA738-6873-4AB6-A100-50B4E734CEB0}.Release|TwinCAT OS (ARMV7-M).ActiveCfg = Release|TwinCAT OS (ARMV7-M)
		{658BA738-6873-4AB6-A100-50B4E734CEB0}.Release|TwinCAT OS (ARMV7-M).Build.0 = Release|TwinCAT OS (ARMV7-M)
		{658BA738-6873-4AB6-A100-50B4E734CEB0}.Release|TwinCAT OS (ARMV8-A).ActiveCfg = Release|TwinCAT OS (ARMV8-A)
		{658BA738-6873-4AB6-A100-50B4E734CEB0}.Release|TwinCAT OS (ARMV8-A).Build.0 = Release|TwinCAT OS (ARMV8-A)
		{658BA738-6873-4AB6-A100-50B4E734CEB0}.Release|TwinCAT OS (x64).ActiveCfg = Release|TwinCAT OS (x64)
		{658BA738-6873-4AB6-A100-50B4E734CEB0}.Release|TwinCAT OS (x64).Build.0 = Release|TwinCAT OS (x64)
		{658BA738-6873-4AB6-A100-50B4E734CEB0}.Release|TwinCAT OS (x64-E).ActiveCfg = Release|TwinCAT OS (x64-E)
		{658BA738-6873-4AB6-A100-50B4E734CEB0}.Release|TwinCAT OS (x64-E).Build.0 = Release|TwinCAT OS (x64-E)
		{658BA738-6873-4AB6-A100-50B4E734CEB0}.Release|TwinCAT RT (x64).ActiveCfg = Release|TwinCAT RT (x64)
		{658BA738-6873-4AB6-A100-50B4E734CEB0}.Release|TwinCAT RT (x64).Build.0 = Release|TwinCAT RT (x64)
		{658BA738-6873-4AB6-A100-50B4E734CEB0}.Release|TwinCAT RT (x86).ActiveCfg = Release|TwinCAT RT (x86)
		{658BA738-6873-4AB6-A100-50B4E734CEB0}.Release|TwinCAT RT (x86).Build.0 = Release|TwinCAT RT (x86)
		{EC897E1B-3307-4FCF-8EAC-384EBD7730B0}.Debug|TwinCAT OS (ARMV7-A).ActiveCfg = Debug|TwinCAT OS (ARMV7-A)
		{EC897E1B-3307-4FCF-8EAC-384EBD7730B0}.Debug|TwinCAT OS (ARMV7-A).Build.0 = Debug|TwinCAT OS (ARMV7-A)
		{EC897E1B-3307-4FCF-8EAC-384EBD7730B0}.Debug|TwinCAT OS (ARMV7-M).ActiveCfg = Debug|TwinCAT OS (ARMV7-M)
		{EC897E1B-3307-4FCF-8EAC-384EBD7730B0}.Debug|TwinCAT OS (ARMV7-M).Build.0 = Debug|TwinCAT OS (ARMV7-M)
		{EC897E1B-3307-4FCF-8EAC-384EBD7730B0}.Debug|TwinCAT OS (ARMV8-A).ActiveCfg = Debug|TwinCAT OS (ARMV8-A)
		{EC897E1B-3307-4FCF-8EAC-384EBD7730B0}.Debug|TwinCAT OS (ARMV8-A).Build.0 = Debug|TwinCAT OS (ARMV8-A)
		{EC897E1B-3307-4FCF-8EAC-384EBD7730B0}.Debug|TwinCAT OS (x64).ActiveCfg = Debug|TwinCAT OS (x64)
		{EC897E1B-3307-4FCF-8EAC-384EBD7730B0}.Debug|TwinCAT OS (x64).Build.0 = Debug|TwinCAT OS (x64)
		{EC897E1B-3307-4FCF-8EAC-384EBD7730B0}.Debug|TwinCAT OS (x64-E).ActiveCfg = Debug|TwinCAT OS (x64-E)
		{EC897E1B-3307-4FCF-8EAC-384EBD7730B0}.Debug|TwinCAT OS (x64-E).Build.0 = Debug|TwinCAT OS (x64-E)
		{EC897E1B-3307-4FCF-8EAC-384EBD7730B0}.Debug|TwinCAT RT (x64).ActiveCfg = Debug|TwinCAT RT (x64)
		{EC897E1B-3307-4FCF-8EAC-384EBD7730B0}.Debug|TwinCAT RT (x64).Build.0 = Debug|TwinCAT RT (x64)
		{EC897E1B-3307-4FCF-8EAC-384EBD7730B0}.Debug|TwinCAT RT (x86).ActiveCfg = Debug|TwinCAT RT (x86)
		{EC897E1B-3307-4FCF-8EAC-384EBD7730B0}.Debug|TwinCAT RT (x86).Build.0 = Debug|TwinCAT RT (x86)
		{EC897E1B-3307-4FCF-8EAC-384EBD7730B0}.Release|TwinCAT OS (ARMV7-A).ActiveCfg = Release|TwinCAT OS (ARMV7-A)
		{EC897E1B-3307-4FCF-8EAC-384EBD7730B0}.Release|TwinCAT OS (ARMV7-A).Build.0 = Release|TwinCAT OS (ARMV7-A)
		{EC897E1B-3307-4FCF-8EAC-384EBD7730B0}.Release|TwinCAT OS (ARMV7-M).ActiveCfg = Release|TwinCAT OS (ARMV7-M)
		{EC897E1B-3307-4FCF-8EAC-384EBD7730B0}.Release|TwinCAT OS (ARMV7-M).Build.0 = Release|TwinCAT OS (ARMV7-M)
		{EC897E1B-3307-4FCF-8EAC-384EBD7730B0}.Release|TwinCAT OS (ARMV8-A).ActiveCfg = Release|TwinCAT OS (ARMV8-A)
		{EC897E1B-3307-4FCF-8EAC-384EBD7730B0}.Release|TwinCAT OS (ARMV8-A).Build.0 = Release|TwinCAT OS (ARMV8-A)
		{EC897E1B-3307-4FCF-8EAC-384EBD7730B0}.Release|TwinCAT OS (x64).ActiveCfg = Release|TwinCAT OS (x64)
		{EC897E1B-3307-4FCF-8EAC-384EBD7730B0}.Release|TwinCAT OS (x64).Build.0 = Release|TwinCAT OS (x64)
		{EC897E1B-3307-4FCF-8EAC-384EBD7730B0}.Release|TwinCAT OS (x64-E).ActiveCfg = Release|TwinCAT OS (x64-E)
		{EC897E1B-3307-4FCF-8EAC-384EBD7730B0}.Release|TwinCAT OS (x64-E).Build.0 = Release|TwinCAT OS (x64-E)
		{EC897E1B-3307-4FCF-8EAC-384EBD7730B0}.Release|TwinCAT RT (x64).ActiveCfg = Release|TwinCAT RT (x64)
		{EC897E1B-3307-4FCF-8EAC-384EBD7730B0}.Release|TwinCAT RT (x64).Build.0 = Release|TwinCAT RT (x64)
		{EC897E1B-3307-4FCF-8EAC-384EBD7730B0}.Release|TwinCAT RT (x86).ActiveCfg = Release|TwinCAT RT (x86)
		{EC897E1B-3307-4FCF-8EAC-384EBD7730B0}.Release|TwinCAT RT (x86).Build.0 = Release|TwinCAT RT (x86)
	EndGlobalSection
	GlobalSection(SolutionProperties) = preSolution
		HideSolutionNode = FALSE
	EndGlobalSection
	GlobalSection(ExtensibilityGlobals) = postSolution
		SolutionGuid = {602E521D-8C68-4328-BAB9-6201466AE666}
	EndGlobalSection
EndGlobal
